
Microsoft Visual Studio Solution File, Format Version 12.00
# Visual Studio Version 17
VisualStudioVersion = 17.12.35728.132
MinimumVisualStudioVersion = 10.0.40219.1
Project("{FAE04EC0-301F-11D3-BF4B-00C04F79EFBC}") = "EmToolBackend", "EmToolBackend.csproj", "{5FF31686-F2BA-4180-B3AB-C9786E6D9382}"
EndProject
Project("{FAE04EC0-301F-11D3-BF4B-00C04F79EFBC}") = "EfCore", "..\EfCore\EfCore.csproj", "{E4DFAB91-6777-4A30-8C47-B6221E600DE3}"
EndProject
Project("{2150E333-8FDC-42A3-9474-1A3956D46DE8}") = "Solution Items", "Solution Items", "{8BF66995-6E78-4BF7-812C-39034B5FA5C5}"
	ProjectSection(SolutionItems) = preProject
		.gitignore = .gitignore
	EndProjectSection
EndProject
Project("{FAE04EC0-301F-11D3-BF4B-00C04F79EFBC}") = "DTOs", "..\DTOs\DTOs.csproj", "{30CB2732-F407-49A1-A1C2-D8BD1AF4C3BB}"
EndProject
Project("{FAE04EC0-301F-11D3-BF4B-00C04F79EFBC}") = "Service_Contracts", "..\Service_Contracts\Service_Contracts.csproj", "{3885009B-ECC6-4387-9F14-82EF88EE629D}"
EndProject
Project("{FAE04EC0-301F-11D3-BF4B-00C04F79EFBC}") = "Services", "..\Services\Services.csproj", "{E7B91B2E-9C05-4676-8C6D-C9AFF3C3ABD7}"
EndProject
Global
	GlobalSection(SolutionConfigurationPlatforms) = preSolution
		Debug|Any CPU = Debug|Any CPU
		Release|Any CPU = Release|Any CPU
	EndGlobalSection
	GlobalSection(ProjectConfigurationPlatforms) = postSolution
		{5FF31686-F2BA-4180-B3AB-C9786E6D9382}.Debug|Any CPU.ActiveCfg = Debug|Any CPU
		{5FF31686-F2BA-4180-B3AB-C9786E6D9382}.Debug|Any CPU.Build.0 = Debug|Any CPU
		{5FF31686-F2BA-4180-B3AB-C9786E6D9382}.Release|Any CPU.ActiveCfg = Release|Any CPU
		{5FF31686-F2BA-4180-B3AB-C9786E6D9382}.Release|Any CPU.Build.0 = Release|Any CPU
		{E4DFAB91-6777-4A30-8C47-B6221E600DE3}.Debug|Any CPU.ActiveCfg = Debug|Any CPU
		{E4DFAB91-6777-4A30-8C47-B6221E600DE3}.Debug|Any CPU.Build.0 = Debug|Any CPU
		{E4DFAB91-6777-4A30-8C47-B6221E600DE3}.Release|Any CPU.ActiveCfg = Release|Any CPU
		{E4DFAB91-6777-4A30-8C47-B6221E600DE3}.Release|Any CPU.Build.0 = Release|Any CPU
		{30CB2732-F407-49A1-A1C2-D8BD1AF4C3BB}.Debug|Any CPU.ActiveCfg = Debug|Any CPU
		{30CB2732-F407-49A1-A1C2-D8BD1AF4C3BB}.Debug|Any CPU.Build.0 = Debug|Any CPU
		{30CB2732-F407-49A1-A1C2-D8BD1AF4C3BB}.Release|Any CPU.ActiveCfg = Release|Any CPU
		{30CB2732-F407-49A1-A1C2-D8BD1AF4C3BB}.Release|Any CPU.Build.0 = Release|Any CPU
		{3885009B-ECC6-4387-9F14-82EF88EE629D}.Debug|Any CPU.ActiveCfg = Debug|Any CPU
		{3885009B-ECC6-4387-9F14-82EF88EE629D}.Debug|Any CPU.Build.0 = Debug|Any CPU
		{3885009B-ECC6-4387-9F14-82EF88EE629D}.Release|Any CPU.ActiveCfg = Release|Any CPU
		{3885009B-ECC6-4387-9F14-82EF88EE629D}.Release|Any CPU.Build.0 = Release|Any CPU
		{E7B91B2E-9C05-4676-8C6D-C9AFF3C3ABD7}.Debug|Any CPU.ActiveCfg = Debug|Any CPU
		{E7B91B2E-9C05-4676-8C6D-C9AFF3C3ABD7}.Debug|Any CPU.Build.0 = Debug|Any CPU
		{E7B91B2E-9C05-4676-8C6D-C9AFF3C3ABD7}.Release|Any CPU.ActiveCfg = Release|Any CPU
		{E7B91B2E-9C05-4676-8C6D-C9AFF3C3ABD7}.Release|Any CPU.Build.0 = Release|Any CPU
	EndGlobalSection
	GlobalSection(SolutionProperties) = preSolution
		HideSolutionNode = FALSE
	EndGlobalSection
EndGlobal
